{
  "object": {
    "pins": [
      {
        "package": "TomMath",
        "repositoryURL": "https://github.com/DavidSouthgate/TomMathSPM.git",
        "state": {
          "branch": "main",
          "revision": "8b22de405d85b67aebb8b18dbbda2f046624c2ef",
          "version": null
        }
      }
    ]
  },
  "version": 1
}
