{
  "object": {
    "pins": [
      {
        "package": "TomMath",
        "repositoryURL": "https://github.com/DavidSouthgate/TomMathSPM.git",
        "state": {
          "branch": null,
          "revision": "91c43fa6505886d616b9f947692be9decc898b88",
          "version": "1.2.1"
        }
      }
    ]
  },
  "version": 1
}
